Microsoft Visual Studio Solution File, Format Version 11.00
# Visual Studio 2008

Project("{814ADC14-85B0-C0C4-724B-930178570B43}") = "space_thing", "Assembly-CSharp.csproj", "{EC50A3B2-0E24-DE0B-4976-5267C7A2CC01}"
EndProject
Global
	GlobalSection(SolutionConfigurationPlatforms) = preSolution
		Debug|Any CPU = Debug|Any CPU
		Release|Any CPU = Release|Any CPU
	EndGlobalSection
	GlobalSection(ProjectConfigurationPlatforms) = postSolution
		{EC50A3B2-0E24-DE0B-4976-5267C7A2CC01}.Debug|Any CPU.ActiveCfg = Debug|Any CPU
		{EC50A3B2-0E24-DE0B-4976-5267C7A2CC01}.Debug|Any CPU.Build.0 = Debug|Any CPU
		{EC50A3B2-0E24-DE0B-4976-5267C7A2CC01}.Release|Any CPU.ActiveCfg = Release|Any CPU
		{EC50A3B2-0E24-DE0B-4976-5267C7A2CC01}.Release|Any CPU.Build.0 = Release|Any CPU
	EndGlobalSection
	GlobalSection(SolutionProperties) = preSolution
		HideSolutionNode = FALSE
	EndGlobalSection
	GlobalSection(MonoDevelopProperties) = preSolution
		StartupItem = Assembly-CSharp.csproj
	EndGlobalSection
EndGlobal
